[renv]
Version=0.5.0-78

[R]
Version=3.6.0
Repositories=
	CRAN=https://cran.rstudio.com/

[Bioconductor]
Repositories=
	BioCsoft=https://bioconductor.org/packages/3.9/bioc
	BioCann=https://bioconductor.org/packages/3.9/data/annotation
	BioCexp=https://bioconductor.org/packages/3.9/data/experiment
	BioCworkflows=https://bioconductor.org/packages/3.9/workflows
	CRAN=https://cran.rstudio.com/

[R/Package/BH]
Package=BH
Version=1.69.0-1
Source=CRAN
Hash=0fde015f5153e51df44981da0767f522

[R/Package/DBI]
Package=DBI
Version=1.0.0
Source=CRAN
Hash=2b2b6ea2111e1e57e192765d5013a3c5

[R/Package/DEoptimR]
Package=DEoptimR
Version=1.0-8
Source=CRAN
Hash=af0bde82e17993678f965d06893f84b1

[R/Package/Ecdat]
Package=Ecdat
Version=0.3-1
Source=CRAN
Hash=e4bfbf92bea9f6f7d19794d800293f64

[R/Package/Ecfun]
Package=Ecfun
Version=0.2-0
Source=CRAN
Hash=576bffb7d3b9f444a36784823f1baa56

[R/Package/FactoMineR]
Package=FactoMineR
Version=1.42
Source=CRAN
Hash=b1f07a0d5e5b38978da4c5c0f42eb743

[R/Package/FastPCS]
Package=FastPCS
Version=0.1.3
Source=CRAN
Hash=9bd801c4b04d2fbcef42ba3e8477f653

[R/Package/Formula]
Package=Formula
Version=1.2-3
Source=CRAN
Hash=f9553de47f7d1a96f855f8bc6dff1dfe

[R/Package/GGally]
Package=GGally
Version=1.4.0
Source=CRAN
Hash=644ffffe612e5d17f13e64215c679d3d

[R/Package/HDoutliers]
Package=HDoutliers
Version=1.0
Source=CRAN
Hash=94ebd19a46c4a4beb327d6a69d0cd756

[R/Package/Hmisc]
Package=Hmisc
Version=4.2-0
Source=CRAN
Hash=b77dc16cbac363773edd581bcac3fe28

[R/Package/MASS]
Package=MASS
Version=7.3-51.4
Source=CRAN
Hash=a489ad42493fa9bfac8f3e3a3bc7d4ca

[R/Package/Matrix]
Package=Matrix
Version=1.2-17
Source=CRAN
Hash=a60009c832f495604f54399f21d89cc8

[R/Package/MatrixModels]
Package=MatrixModels
Version=0.4-1
Source=CRAN
Hash=90c434e285aaf2b8e9116a4009721021

[R/Package/OutliersO3]
Package=OutliersO3
Version=0.6.2
Source=CRAN
Hash=382353abbc4906dd97f2c41ec251cbfb

[R/Package/PoEdata]
Package=PoEdata
Version=0.1.0
Source=Git
RemoteType=git2r
RemoteUrl=https://github.com/ccolonescu/PoEdata
RemoteSha=c41bee8fb53ccdec53961fc9fd85b7b84bd17d1c
Hash=8590c41a558248f6aa13ec009ce430ef

[R/Package/R6]
Package=R6
Version=2.4.0
Source=CRAN
Hash=92b50d943a7c76c67918c1e1beb68627

[R/Package/RColorBrewer]
Package=RColorBrewer
Version=1.1-2
Source=CRAN
Hash=f8a3bcc800d613797f1dfdf8ef4f0bfc

[R/Package/RCurl]
Package=RCurl
Version=1.95-4.12
Source=CRAN
Hash=da83dfabbb92098a20dada46869921a3

[R/Package/Rcpp]
Package=Rcpp
Version=1.0.1
Source=CRAN
Hash=94bf4b635dd6abac1765cff90ba98235

[R/Package/RcppArmadillo]
Package=RcppArmadillo
Version=0.9.500.2.0
Source=CRAN
Hash=aa38afb1bf8c7f1fd9fd3bd78f2c90e3

[R/Package/RcppEigen]
Package=RcppEigen
Version=0.3.3.5.0
Source=CRAN
Hash=b86bf100354fb8fe4a20b5689e40c7b3

[R/Package/SparseM]
Package=SparseM
Version=1.77
Source=CRAN
Hash=8cfc3b9a39a1f80b83962e66ddc9daa9

[R/Package/TTR]
Package=TTR
Version=0.23-4
Source=CRAN
Hash=55e6207ec232048a224ea8b64ab62f01

[R/Package/TeachingDemos]
Package=TeachingDemos
Version=2.10
Source=CRAN
Hash=d172091c9743e5bf6ddb7a3b58351993

[R/Package/VGAM]
Package=VGAM
Version=1.1-1
Source=CRAN
Hash=5d71ff20294efd7eb1f8c43e3f6f104a

[R/Package/VIM]
Package=VIM
Version=4.8.0
Source=CRAN
Hash=08aaa1aa37377e0b7b3f26095cd0e16f

[R/Package/XML]
Package=XML
Version=3.98-1.20
Source=CRAN
Hash=870a12f824e6d7729de5cf55927ae1d0

[R/Package/abind]
Package=abind
Version=1.4-5
Source=CRAN
Hash=14cdb8eed4adcbe6e463b0dd82bd778c

[R/Package/acepack]
Package=acepack
Version=1.4.1
Source=CRAN
Hash=3794f982df501c9d1503ea0d32648042

[R/Package/askpass]
Package=askpass
Version=1.1
Source=CRAN
Hash=46678e19f261db289be40292d8e5d5bf

[R/Package/assertthat]
Package=assertthat
Version=0.2.1
Source=CRAN
Hash=19fb3d0ad048b4eb1a05cacffbae1f66

[R/Package/backports]
Package=backports
Version=1.1.4
Source=CRAN
Hash=2a78bf0825e0088e117520553ceb7fa5

[R/Package/base64enc]
Package=base64enc
Version=0.1-3
Source=CRAN
Hash=d355963b4b1c3039bfe8d65611a11cca

[R/Package/betareg]
Package=betareg
Version=3.1-2
Source=CRAN
Hash=e5ebafbdfcb9f12306f6954034417a6d

[R/Package/bindr]
Package=bindr
Version=0.1.1
Source=CRAN
Hash=955970d2b0a64d115306b01938bc097a

[R/Package/bindrcpp]
Package=bindrcpp
Version=0.2.2
Source=CRAN
Hash=b894708bedd7f0a33a39853b155a952e

[R/Package/bitops]
Package=bitops
Version=1.0-6
Source=CRAN
Hash=62408262624d9f8e436f51ca901424e2

[R/Package/bookdown]
Package=bookdown
Version=0.11
Source=CRAN
Hash=28a2253482c3ac8143c3b7739b31d470

[R/Package/bookdownplus]
Package=bookdownplus
Version=1.5.7
Source=CRAN
Hash=3500e0fe7954be9a6313a45c70928f57

[R/Package/boot]
Package=boot
Version=1.3-23
Source=CRAN
Hash=7acd7cd8da575cbe664ae2301d127007

[R/Package/broom]
Package=broom
Version=0.5.2
Source=CRAN
Hash=a6cfb50e5172a20815db00739aab4e78

[R/Package/callr]
Package=callr
Version=3.3.0
Source=CRAN
Hash=931c2dbd269b24b7cd2a7fc4b4b628e9

[R/Package/car]
Package=car
Version=3.0-3
Source=CRAN
Hash=2dda47b579a78ab1565b0e2306dd1184

[R/Package/carData]
Package=carData
Version=3.0-2
Source=CRAN
Hash=7b9977f0204b85b63f0db6464b8e3314

[R/Package/cellWise]
Package=cellWise
Version=2.1.0
Source=CRAN
Hash=1beab2dc2b72f86c263cfce98f3f5dda

[R/Package/cellranger]
Package=cellranger
Version=1.1.0
Source=CRAN
Hash=2cd2a065192f3ba08a919d8800dba7e0

[R/Package/checkmate]
Package=checkmate
Version=1.9.4
Source=CRAN
Hash=51788d50ba2a6ac3bf71efadaf1f76d9

[R/Package/class]
Package=class
Version=7.3-15
Source=CRAN
Hash=4878ea322bdd292b96affa71fd4332bd

[R/Package/cli]
Package=cli
Version=1.1.0
Source=CRAN
Hash=9b3dc7798f53ba3050b41ce4a3febdc5

[R/Package/clipr]
Package=clipr
Version=0.6.0
Source=CRAN
Hash=1b4c6b49dca948d2f95a741ae8f52edd

[R/Package/cluster]
Package=cluster
Version=2.1.0
Source=CRAN
Hash=d683a0521c6448259522eb63627c3807

[R/Package/colorspace]
Package=colorspace
Version=1.4-1
Source=CRAN
Hash=c25d49739abb6ebf4b3d0c3565574226

[R/Package/corrplot]
Package=corrplot
Version=0.84
Source=CRAN
Hash=c11bd205e1205bd9c44df6231a5b45a9

[R/Package/crayon]
Package=crayon
Version=1.3.4
Source=CRAN
Hash=d308ead32010b8e4d76c4690427da50b

[R/Package/curl]
Package=curl
Version=3.3
Source=CRAN
Hash=208293ffee1d8d6988ec5bcbf7bed49e

[R/Package/data.table]
Package=data.table
Version=1.12.2
Source=CRAN
Hash=f2f76b5c5394350c4d4ee77dab51d35c

[R/Package/dbplyr]
Package=dbplyr
Version=1.4.2
Source=CRAN
Hash=aa3740879c38e6c11a93bd981521035a

[R/Package/digest]
Package=digest
Version=0.6.20
Source=CRAN
Hash=e90f6670040b5aec92425051fc13ac1c

[R/Package/dplyr]
Package=dplyr
Version=0.8.3
Source=CRAN
Hash=17783831e1e918ab250dcae5dd9c6e03

[R/Package/e1071]
Package=e1071
Version=1.7-2
Source=CRAN
Hash=d3ad43735411ce3b5e3778e791991beb

[R/Package/ellipsis]
Package=ellipsis
Version=0.2.0.1
Source=CRAN
Hash=a7a9b2ae023bf012744c480d3388c0c8

[R/Package/evaluate]
Package=evaluate
Version=0.14
Source=CRAN
Hash=5a6c1949963e0785dbcbb0556337d61e

[R/Package/fBasics]
Package=fBasics
Version=3042.89
Source=CRAN
Hash=aa02039db47bf379ec96f74f6d37e808

[R/Package/fUnitRoots]
Package=fUnitRoots
Version=3042.79
Source=CRAN
Hash=df6b000ddd3fb5e697c060322e8e1529

[R/Package/fansi]
Package=fansi
Version=0.4.0
Source=CRAN
Hash=cd87b0162287f0da225edfaa2fd3a20c

[R/Package/fda]
Package=fda
Version=2.4.8
Source=CRAN
Hash=398135169498ae29fb7a94781fc87eb8

[R/Package/flashClust]
Package=flashClust
Version=1.01-2
Source=CRAN
Hash=cc85ee0c881c9643d2faf5f10f79a053

[R/Package/flexmix]
Package=flexmix
Version=2.3-15
Source=CRAN
Hash=d6ade1738cea80b44095cac3bd03b3f0

[R/Package/forcats]
Package=forcats
Version=0.4.0
Source=CRAN
Hash=4d7e4a2ed5adadda6714eb7b9361213b

[R/Package/forecast]
Package=forecast
Version=8.7
Source=CRAN
Hash=250aeae99307fbfb7fa15cd112ce761b

[R/Package/foreign]
Package=foreign
Version=0.8-71
Source=CRAN
Hash=0a3e9cb4f946d20e3ce0eae1ae17c746

[R/Package/fracdiff]
Package=fracdiff
Version=1.4-2
Source=CRAN
Hash=0de8a12cc5773714af6e1aa4406ca841

[R/Package/fs]
Package=fs
Version=1.3.1
Source=CRAN
Hash=dba7e43c4103d978cb7c95b97987cc68

[R/Package/gdata]
Package=gdata
Version=2.18.0
Source=CRAN
Hash=712e6a703c385e5c9134d13346490b85

[R/Package/generics]
Package=generics
Version=0.0.2
Source=CRAN
Hash=4e8e453aff36dd8ddac10ff157083e4f

[R/Package/ggfortify]
Package=ggfortify
Version=0.4.7
Source=CRAN
Hash=a41615cbc0ab8b2e45cd3d7a8f3de280

[R/Package/ggplot2]
Package=ggplot2
Version=3.2.0
Source=CRAN
Hash=e3b95a7458944efa0ebbb903bcdbe168

[R/Package/glue]
Package=glue
Version=1.3.1
Source=CRAN
Hash=e8436e647719b7c9d01409767cd88cc8

[R/Package/gridExtra]
Package=gridExtra
Version=2.3
Source=CRAN
Hash=4626f6a59a3b1095e7bdc7bd02a3107f

[R/Package/gss]
Package=gss
Version=2.1-10
Source=CRAN
Hash=8d3efdf33f9e804b589f3cac28b6336a

[R/Package/gtable]
Package=gtable
Version=0.3.0
Source=CRAN
Hash=6a58b2980a57345822ec5f9c7d2d1751

[R/Package/gtools]
Package=gtools
Version=3.8.1
Source=CRAN
Hash=a1f1f79c481c077e9dba0fdaac442372

[R/Package/haven]
Package=haven
Version=2.1.1
Source=CRAN
Hash=d1f21b8ced82ba581c26edfcc69d0c41

[R/Package/highr]
Package=highr
Version=0.8
Source=CRAN
Hash=43e36bc8bca1d8256f86933659c46349

[R/Package/hms]
Package=hms
Version=0.4.2
Source=CRAN
Hash=027298fb177899be8299a815a8d5495d

[R/Package/htmlTable]
Package=htmlTable
Version=1.13.1
Source=CRAN
Hash=493314faea7ca9d80c27a0af614763aa

[R/Package/htmltools]
Package=htmltools
Version=0.3.6
Source=CRAN
Hash=5132526e7fb28a2c20d1ef443d5c4644

[R/Package/htmlwidgets]
Package=htmlwidgets
Version=1.3
Source=CRAN
Hash=8aa0ed21f14fc9645367e8bc305415f5

[R/Package/httpuv]
Package=httpuv
Version=1.5.1
Source=CRAN
Hash=3e4206eb62d89401a2a990eba9b3ecac

[R/Package/httr]
Package=httr
Version=1.4.0
Source=CRAN
Hash=4a241c31afac61ea4a8a672aa5b0b098

[R/Package/huxtable]
Package=huxtable
Version=4.6.0
Source=CRAN
Hash=6023a4194f59e73d7cb3a0f367603376

[R/Package/jpeg]
Package=jpeg
Version=0.1-8
Source=CRAN
Hash=c5744e03e8ed29c1b66dc47d6cf1b2c8

[R/Package/jsonlite]
Package=jsonlite
Version=1.6
Source=CRAN
Hash=b7e67b6a7bc2fdae729c0f3ff9026a8a

[R/Package/knitr]
Package=knitr
Version=1.23
Source=CRAN
Hash=39893fe4cbbdca3fce7d9dbdef808cd1

[R/Package/labeling]
Package=labeling
Version=0.3
Source=CRAN
Hash=e1f613894f080d1eee41c34b281a2184

[R/Package/laeken]
Package=laeken
Version=0.5.0
Source=CRAN
Hash=4e743ad0bfc1b07a92b78965a79adbde

[R/Package/later]
Package=later
Version=0.8.0
Source=CRAN
Hash=4d5b806a328e0da75f0f0d4653676552

[R/Package/lattice]
Package=lattice
Version=0.20-38
Source=CRAN
Hash=6f7aa123115b33bc9ad1ca800874b1de

[R/Package/latticeExtra]
Package=latticeExtra
Version=0.6-28
Source=CRAN
Hash=693779e46ee894695df882436c360bbe

[R/Package/lazyeval]
Package=lazyeval
Version=0.2.2
Source=GitHub
RemoteType=github
RemoteHost=api.github.com
RemoteRepo=lazyeval
RemoteUsername=hadley
RemoteRef=master
RemoteSha=c336765e0f269c2dc0a50c73e479e77f79f1e932
Hash=a672bffb94b7e4397fbe22fe9fd0c4ad

[R/Package/lme4]
Package=lme4
Version=1.1-21
Source=CRAN
Hash=0a3458480f4caf92fc26f7afc54340a4

[R/Package/lmtest]
Package=lmtest
Version=0.9-37
Source=CRAN
Hash=6b16ba7499ae5dffd8e751864d59b4e9

[R/Package/lubridate]
Package=lubridate
Version=1.7.4
Source=CRAN
Hash=d55fdb3732a8f047e49b86064dd78984

[R/Package/magick]
Package=magick
Version=2.0
Source=CRAN
Hash=d7dacd8d79e4e46d9ec1db6c7b6e2a8c

[R/Package/magrittr]
Package=magrittr
Version=1.5
Source=CRAN
Hash=dee1d97cffddfd3ed969e224bd0826d0

[R/Package/maptools]
Package=maptools
Version=0.9-5
Source=CRAN
Hash=79431ccd208e6158fce9f6e0ee81299b

[R/Package/markdown]
Package=markdown
Version=1.0
Source=CRAN
Hash=4584a57f565dd7987d59dda3a02cfb41

[R/Package/maxLik]
Package=maxLik
Version=1.3-6
Source=CRAN
Hash=a3e538c854f6639a7cb91d9bc445a9fd

[R/Package/memisc]
Package=memisc
Version=0.99.17.2
Source=CRAN
Hash=ed89e30f3af1897a80e096eeb36fd965

[R/Package/memoise]
Package=memoise
Version=1.1.0
Source=CRAN
Hash=22ca9b285c10f5dd8c4d1e90231ce558

[R/Package/mfx]
Package=mfx
Version=1.2-2
Source=CRAN
Hash=e7e32afbd15ef26bafa85f7723098371

[R/Package/mgcv]
Package=mgcv
Version=1.8-28
Source=CRAN
Hash=6ac256e4fdcf33c11f9ed987927cc614

[R/Package/mime]
Package=mime
Version=0.7
Source=CRAN
Hash=908d95ccbfd1dd274073ef07a7c93934

[R/Package/minqa]
Package=minqa
Version=1.2.4
Source=CRAN
Hash=280c889bf39c330ab77b0d92c1c38931

[R/Package/misc3d]
Package=misc3d
Version=0.8-4
Source=CRAN
Hash=8b003e1fb34aeec874e51fa8544c3508

[R/Package/miscTools]
Package=miscTools
Version=0.6-22
Source=CRAN
Hash=109514c99b23675dec25fe9671915307

[R/Package/modelr]
Package=modelr
Version=0.1.4
Source=CRAN
Hash=4e872a6c94b3fe47bb022010fd131d4b

[R/Package/modeltools]
Package=modeltools
Version=0.2-22
Source=CRAN
Hash=2d16af8b7eac85fa09edc875ed3eaa97

[R/Package/munsell]
Package=munsell
Version=0.5.0
Source=CRAN
Hash=9111af6c6dec65538ebd3de6c0bae864

[R/Package/mvtnorm]
Package=mvtnorm
Version=1.0-11
Source=CRAN
Hash=976bd3e7229aefd84d9d5cf032646601

[R/Package/nlme]
Package=nlme
Version=3.1-140
Source=CRAN
Hash=ad3b02c6f154deac3584133e6e015cd3

[R/Package/nloptr]
Package=nloptr
Version=1.2.1
Source=CRAN
Hash=f2696200757bbf2ed222a9d8e72f0a06

[R/Package/nnet]
Package=nnet
Version=7.3-12
Source=CRAN
Hash=2a92e339b2aeab90147147e2cf7c8310

[R/Package/openssl]
Package=openssl
Version=1.4
Source=CRAN
Hash=47db5d3cd9a56588a3140eb5716bd03e

[R/Package/openxlsx]
Package=openxlsx
Version=4.1.0.1
Source=CRAN
Hash=70d7bf3b6565c00c63421240dfac651c

[R/Package/pbkrtest]
Package=pbkrtest
Version=0.4-7
Source=CRAN
Hash=188d51e37526d3a5525daab0c6a92c3a

[R/Package/pillar]
Package=pillar
Version=1.4.2
Source=CRAN
Hash=57645ff795277554eee14df5bcee8025

[R/Package/pkgconfig]
Package=pkgconfig
Version=2.0.2
Source=CRAN
Hash=2dd2d8867e4f0173ea2ce029d630a086

[R/Package/plogr]
Package=plogr
Version=0.2.0
Source=CRAN
Hash=1a8304cc1382ef64e3b710ba589d7bc0

[R/Package/plot3D]
Package=plot3D
Version=1.1.1
Source=CRAN
Hash=bb8acb61d011304ea6a282638b1466bd

[R/Package/plyr]
Package=plyr
Version=1.8.4
Source=CRAN
Hash=37dd0f3aadee2ac99e47168f4bffddb7

[R/Package/prettyunits]
Package=prettyunits
Version=1.0.2
Source=CRAN
Hash=33ce93b23647e85c127f8e1bb08604fc

[R/Package/processx]
Package=processx
Version=3.4.0
Source=CRAN
Hash=b0caa9b63471869ca1595599493c9405

[R/Package/progress]
Package=progress
Version=1.2.2
Source=CRAN
Hash=e8c47e04650b07d40c3c50a878a4dffa

[R/Package/promises]
Package=promises
Version=1.0.1
Source=CRAN
Hash=f80d162b7cef7e36a0134d1f1084e36d

[R/Package/ps]
Package=ps
Version=1.3.0
Source=CRAN
Hash=a38f3fd447d1595a3da538910054b911

[R/Package/purrr]
Package=purrr
Version=0.3.2
Source=CRAN
Hash=c360ab7eabd6e38a83f2475eb97c6344

[R/Package/quadprog]
Package=quadprog
Version=1.5-7
Source=CRAN
Hash=6f8440b84b06210c8f88b8d8cd89f8ca

[R/Package/quantmod]
Package=quantmod
Version=0.4-15
Source=CRAN
Hash=18dd64d29c0f4b7903211384e1987a69

[R/Package/quantreg]
Package=quantreg
Version=5.41
Source=CRAN
Hash=c9b11a2335c631a913c45bbff937af28

[R/Package/ranger]
Package=ranger
Version=0.11.2
Source=CRAN
Hash=b3ad2ebd739bb9996f486387921b781a

[R/Package/rapportools]
Package=rapportools
Version=1.0
Source=CRAN
Hash=1709da5cd95308d1400443efb6cb1f72

[R/Package/readr]
Package=readr
Version=1.3.1
Source=CRAN
Hash=60167b7ec3de99e76ff406aaf0f83bb4

[R/Package/readxl]
Package=readxl
Version=1.3.1
Source=CRAN
Hash=8a8b4695e87c90cc9423eb8994e76819

[R/Package/rematch]
Package=rematch
Version=1.0.1
Source=CRAN
Hash=d3d55a556f7f2e74f449d6a53b8abf8e

[R/Package/reprex]
Package=reprex
Version=0.3.0
Source=CRAN
Hash=e5c16307a512cdaea9adddacde0671af

[R/Package/reshape2]
Package=reshape2
Version=1.4.3
Source=CRAN
Hash=ac685130d1a25e3f6470960fd29c5693

[R/Package/rio]
Package=rio
Version=0.5.16
Source=CRAN
Hash=da7bb885000eb8cb231ee4141466ecdb

[R/Package/rlang]
Package=rlang
Version=0.4.0
Source=CRAN
Hash=8f1bf3a54c8844dc254baabba61cb6a9

[R/Package/rlist]
Package=rlist
Version=0.4.6.1
Source=CRAN
Hash=31981d70473b86a50a8fea982dad9268

[R/Package/rmarkdown]
Package=rmarkdown
Version=1.13
Source=CRAN
Hash=d91e5ea62ea410cd5c04e1be6a7c273d

[R/Package/robustX]
Package=robustX
Version=1.2-4
Source=CRAN
Hash=f01495be393b1f9dd231e48286319873

[R/Package/robustbase]
Package=robustbase
Version=0.93-5
Source=CRAN
Hash=275cc8197da046f7f01f7f4c284200be

[R/Package/rpart]
Package=rpart
Version=4.1-15
Source=CRAN
Hash=0d0e7f0e3c22944bb9bf67d0d5636e50

[R/Package/rstudioapi]
Package=rstudioapi
Version=0.10
Source=CRAN
Hash=04552808fd065fdf0fec7bad340eb83c

[R/Package/rvest]
Package=rvest
Version=0.3.4
Source=CRAN
Hash=76bb112bc3833454dc701230aa9cb3ed

[R/Package/sampleSelection]
Package=sampleSelection
Version=1.2-6
Source=CRAN
Hash=f7d3d1e4e84d8bc360f16f58f18d47a4

[R/Package/sandwich]
Package=sandwich
Version=2.5-1
Source=CRAN
Hash=79e2ac9c226234d19dad0834484400f1

[R/Package/scales]
Package=scales
Version=1.0.0
Source=CRAN
Hash=a96e9571cd875b7b934990d85b7a3c18

[R/Package/scatterplot3d]
Package=scatterplot3d
Version=0.3-41
Source=CRAN
Hash=5809c80c8cee04af62aca43386feb74e

[R/Package/selectr]
Package=selectr
Version=0.4-1
Source=CRAN
Hash=40ccee5dc2b97e197648525aefcfd0ba

[R/Package/servr]
Package=servr
Version=0.14
Source=CRAN
Hash=d1f483e27b29b33feed23668cc268825

[R/Package/sp]
Package=sp
Version=1.3-1
Source=CRAN
Hash=a8e1d618f252db052d85391d528c256f

[R/Package/spatial]
Package=spatial
Version=7.3-11
Source=CRAN
Hash=0037d3d19ad8a2bf80abb4d7507b746d

[R/Package/stabledist]
Package=stabledist
Version=0.7-1
Source=CRAN
Hash=e2ac89339ea494400de890bb72c85476

[R/Package/stargazer]
Package=stargazer
Version=5.2.2
Source=CRAN
Hash=a6029ceea7b141dc61bbf50131d676ff

[R/Package/stringi]
Package=stringi
Version=1.4.3
Source=CRAN
Hash=113506f116db9dd5bd1caf46884e0647

[R/Package/stringr]
Package=stringr
Version=1.4.0
Source=CRAN
Hash=41d6310ad18bd019a203d7adc496a28b

[R/Package/summarytools]
Package=summarytools
Version=0.9.3
Source=CRAN
Hash=1786e4f3e883b944e4fb6de07d17e749

[R/Package/survival]
Package=survival
Version=2.44-1.1
Source=CRAN
Hash=20bdedb74dc2c866f51e4ec9133480b1

[R/Package/svd]
Package=svd
Version=0.4.3
Source=CRAN
Hash=8e79db6a8e40c57c04f6acd451bd518f

[R/Package/sys]
Package=sys
Version=3.2
Source=CRAN
Hash=272daf1b3ba287a42d02e33c89870eae

[R/Package/systemfit]
Package=systemfit
Version=1.1-22
Source=CRAN
Hash=7e247a8fa82428b1e5e243e1e2f049ba

[R/Package/tibble]
Package=tibble
Version=2.1.3
Source=CRAN
Hash=a8d41bd284e21ab7e776d228dc5bac91

[R/Package/tidyr]
Package=tidyr
Version=0.8.3
Source=CRAN
Hash=51442fddca0f783dce03baffbe5b790b

[R/Package/tidyselect]
Package=tidyselect
Version=0.2.5
Source=CRAN
Hash=dc3fcbc21f04b293e0794e24982cf357

[R/Package/tidyverse]
Package=tidyverse
Version=1.2.1
Source=CRAN
Hash=ec414bb606232eb2f242f4e49706a0da

[R/Package/timeDate]
Package=timeDate
Version=3043.102
Source=CRAN
Hash=93f260c47c35e25620bb2af4ed8ed17e

[R/Package/timeSeries]
Package=timeSeries
Version=3042.102
Source=CRAN
Hash=44d9c286e3541774e764fe5bfb9e983e

[R/Package/tinytex]
Package=tinytex
Version=0.14
Source=CRAN
Hash=8b44776bb72008230fc51a956870741e

[R/Package/tis]
Package=tis
Version=1.37.1
Source=CRAN
Hash=febceebcfd3a91478a886d64782b950f

[R/Package/tseries]
Package=tseries
Version=0.10-47
Source=CRAN
Hash=f5ab1a7283be1d89a4329e0c4a056f95

[R/Package/urca]
Package=urca
Version=1.3-0
Source=CRAN
Hash=e08c28b117d65084ef07502a9f17a23b

[R/Package/uroot]
Package=uroot
Version=2.0-10
Source=CRAN
Hash=bad02947f5911d16fb084c2c04239c0a

[R/Package/utf8]
Package=utf8
Version=1.1.4
Source=CRAN
Hash=3f1a5a5b184f63379f8e6c08d5036c53

[R/Package/vcd]
Package=vcd
Version=1.4-4
Source=CRAN
Hash=94c360d3c040f9a313f656e4c4a6c52e

[R/Package/vctrs]
Package=vctrs
Version=0.1.0
Source=CRAN
Hash=990e11a7c6454ee32e2821f1a34fac94

[R/Package/viridis]
Package=viridis
Version=0.5.1
Source=CRAN
Hash=36f082a7e4f833bd4dc4839c5a8d2a84

[R/Package/viridisLite]
Package=viridisLite
Version=0.3.0
Source=CRAN
Hash=1f264fa42320c4f44b1689d89101e823

[R/Package/whisker]
Package=whisker
Version=0.3-2
Source=CRAN
Hash=c6d8a035a88c6e3222f0efaac18406f6

[R/Package/withr]
Package=withr
Version=2.1.2
Source=CRAN
Hash=7c9aef08038f47e6c1532ed574a0e087

[R/Package/wooldridge]
Package=wooldridge
Version=1.3.1
Source=CRAN
Hash=50f79abdb4004d8bc16a96d4e4648bad

[R/Package/xaringan]
Package=xaringan
Version=0.10
Source=CRAN
Hash=7c130a4d003d31a0bbb1e8f331861c94

[R/Package/xfun]
Package=xfun
Version=0.8
Source=CRAN
Hash=56f4a24b253e08ec48a45ec0eb60653d

[R/Package/xml2]
Package=xml2
Version=1.2.0
Source=CRAN
Hash=8a9818f279792f697dab45e8c7cdb3a8

[R/Package/xts]
Package=xts
Version=0.11-2
Source=CRAN
Hash=f0e867bb5363b60e4c2e594653973af3

[R/Package/yaml]
Package=yaml
Version=2.2.0
Source=CRAN
Hash=3a313c96061c4ac790de611dc57ebd1f

[R/Package/zeallot]
Package=zeallot
Version=0.1.0
Source=CRAN
Hash=45d65588b02d47970fc84adecb2ee664

[R/Package/zip]
Package=zip
Version=2.0.3
Source=CRAN
Hash=a0ac4a790aab5d91d76c1ee2c89ff509

[R/Package/zoo]
Package=zoo
Version=1.8-6
Source=CRAN
Hash=6a408ac88994695f76d7b4f7f19c4006

